
Microsoft Visual Studio Solution File, Format Version 10.00
# Visual C# Express 2008
Project("{FAE04EC0-301F-11D3-BF4B-00C04F79EFBC}") = "Zadatak 2", "Zadatak 2\Zadatak 2.csproj", "{2606CE1C-A200-40DB-AD8D-E408D2321BA7}"
EndProject
Global
	GlobalSection(SolutionConfigurationPlatforms) = preSolution
		Debug|Any CPU = Debug|Any CPU
		Release|Any CPU = Release|Any CPU
	EndGlobalSection
	GlobalSection(ProjectConfigurationPlatforms) = postSolution
		{2606CE1C-A200-40DB-AD8D-E408D2321BA7}.Debug|Any CPU.ActiveCfg = Debug|Any CPU
		{2606CE1C-A200-40DB-AD8D-E408D2321BA7}.Debug|Any CPU.Build.0 = Debug|Any CPU
		{2606CE1C-A200-40DB-AD8D-E408D2321BA7}.Release|Any CPU.ActiveCfg = Release|Any CPU
		{2606CE1C-A200-40DB-AD8D-E408D2321BA7}.Release|Any CPU.Build.0 = Release|Any CPU
	EndGlobalSection
	GlobalSection(SolutionProperties) = preSolution
		HideSolutionNode = FALSE
	EndGlobalSection
EndGlobal
