
Microsoft Visual Studio Solution File, Format Version 10.00
# Visual C# Express 2008
Project("{FAE04EC0-301F-11D3-BF4B-00C04F79EFBC}") = "Zadatak 2", "Zadatak 2\Zadatak 2.csproj", "{74C165C8-42C4-432E-948B-42FCBCB1818F}"
EndProject
Global
	GlobalSection(SolutionConfigurationPlatforms) = preSolution
		Debug|Any CPU = Debug|Any CPU
		Release|Any CPU = Release|Any CPU
	EndGlobalSection
	GlobalSection(ProjectConfigurationPlatforms) = postSolution
		{74C165C8-42C4-432E-948B-42FCBCB1818F}.Debug|Any CPU.ActiveCfg = Debug|Any CPU
		{74C165C8-42C4-432E-948B-42FCBCB1818F}.Debug|Any CPU.Build.0 = Debug|Any CPU
		{74C165C8-42C4-432E-948B-42FCBCB1818F}.Release|Any CPU.ActiveCfg = Release|Any CPU
		{74C165C8-42C4-432E-948B-42FCBCB1818F}.Release|Any CPU.Build.0 = Release|Any CPU
	EndGlobalSection
	GlobalSection(SolutionProperties) = preSolution
		HideSolutionNode = FALSE
	EndGlobalSection
EndGlobal
