
Microsoft Visual Studio Solution File, Format Version 10.00
# Visual C# Express 2008
Project("{FAE04EC0-301F-11D3-BF4B-00C04F79EFBC}") = "Zadatak 6", "Zadatak 6\Zadatak 6.csproj", "{43546A5C-FDDC-48AE-A6C4-8FFEEB9F8A53}"
EndProject
Global
	GlobalSection(SolutionConfigurationPlatforms) = preSolution
		Debug|Any CPU = Debug|Any CPU
		Release|Any CPU = Release|Any CPU
	EndGlobalSection
	GlobalSection(ProjectConfigurationPlatforms) = postSolution
		{43546A5C-FDDC-48AE-A6C4-8FFEEB9F8A53}.Debug|Any CPU.ActiveCfg = Debug|Any CPU
		{43546A5C-FDDC-48AE-A6C4-8FFEEB9F8A53}.Debug|Any CPU.Build.0 = Debug|Any CPU
		{43546A5C-FDDC-48AE-A6C4-8FFEEB9F8A53}.Release|Any CPU.ActiveCfg = Release|Any CPU
		{43546A5C-FDDC-48AE-A6C4-8FFEEB9F8A53}.Release|Any CPU.Build.0 = Release|Any CPU
	EndGlobalSection
	GlobalSection(SolutionProperties) = preSolution
		HideSolutionNode = FALSE
	EndGlobalSection
EndGlobal
