
Microsoft Visual Studio Solution File, Format Version 10.00
# Visual C# Express 2008
Project("{FAE04EC0-301F-11D3-BF4B-00C04F79EFBC}") = "Ocene", "Ocene\Ocene.csproj", "{2E503F28-1316-4673-90AB-24271A3A5262}"
EndProject
Global
	GlobalSection(SolutionConfigurationPlatforms) = preSolution
		Debug|Any CPU = Debug|Any CPU
		Release|Any CPU = Release|Any CPU
	EndGlobalSection
	GlobalSection(ProjectConfigurationPlatforms) = postSolution
		{2E503F28-1316-4673-90AB-24271A3A5262}.Debug|Any CPU.ActiveCfg = Debug|Any CPU
		{2E503F28-1316-4673-90AB-24271A3A5262}.Debug|Any CPU.Build.0 = Debug|Any CPU
		{2E503F28-1316-4673-90AB-24271A3A5262}.Release|Any CPU.ActiveCfg = Release|Any CPU
		{2E503F28-1316-4673-90AB-24271A3A5262}.Release|Any CPU.Build.0 = Release|Any CPU
	EndGlobalSection
	GlobalSection(SolutionProperties) = preSolution
		HideSolutionNode = FALSE
	EndGlobalSection
EndGlobal
