
Microsoft Visual Studio Solution File, Format Version 10.00
# Visual C# Express 2008
Project("{FAE04EC0-301F-11D3-BF4B-00C04F79EFBC}") = "Zadatak 4", "Zadatak 4\Zadatak 4.csproj", "{9FE8A850-489B-4BA9-9870-F4682743EE83}"
EndProject
Global
	GlobalSection(SolutionConfigurationPlatforms) = preSolution
		Debug|Any CPU = Debug|Any CPU
		Release|Any CPU = Release|Any CPU
	EndGlobalSection
	GlobalSection(ProjectConfigurationPlatforms) = postSolution
		{9FE8A850-489B-4BA9-9870-F4682743EE83}.Debug|Any CPU.ActiveCfg = Debug|Any CPU
		{9FE8A850-489B-4BA9-9870-F4682743EE83}.Debug|Any CPU.Build.0 = Debug|Any CPU
		{9FE8A850-489B-4BA9-9870-F4682743EE83}.Release|Any CPU.ActiveCfg = Release|Any CPU
		{9FE8A850-489B-4BA9-9870-F4682743EE83}.Release|Any CPU.Build.0 = Release|Any CPU
	EndGlobalSection
	GlobalSection(SolutionProperties) = preSolution
		HideSolutionNode = FALSE
	EndGlobalSection
EndGlobal
