
Microsoft Visual Studio Solution File, Format Version 10.00
# Visual C# Express 2008
Project("{FAE04EC0-301F-11D3-BF4B-00C04F79EFBC}") = "Zadatak 5", "Zadatak 5\Zadatak 5.csproj", "{69FD5267-19B6-4102-936D-4DE135B5B41D}"
EndProject
Global
	GlobalSection(SolutionConfigurationPlatforms) = preSolution
		Debug|Any CPU = Debug|Any CPU
		Release|Any CPU = Release|Any CPU
	EndGlobalSection
	GlobalSection(ProjectConfigurationPlatforms) = postSolution
		{69FD5267-19B6-4102-936D-4DE135B5B41D}.Debug|Any CPU.ActiveCfg = Debug|Any CPU
		{69FD5267-19B6-4102-936D-4DE135B5B41D}.Debug|Any CPU.Build.0 = Debug|Any CPU
		{69FD5267-19B6-4102-936D-4DE135B5B41D}.Release|Any CPU.ActiveCfg = Release|Any CPU
		{69FD5267-19B6-4102-936D-4DE135B5B41D}.Release|Any CPU.Build.0 = Release|Any CPU
	EndGlobalSection
	GlobalSection(SolutionProperties) = preSolution
		HideSolutionNode = FALSE
	EndGlobalSection
EndGlobal
