
Microsoft Visual Studio Solution File, Format Version 12.00
# Visual Studio Version 17
VisualStudioVersion = 17.7.34018.315
MinimumVisualStudioVersion = 10.0.40219.1
Project("{FAE04EC0-301F-11D3-BF4B-00C04F79EFBC}") = "Zadatak 10", "Zadatak 10\Zadatak 10.csproj", "{123391BE-BE76-4528-8215-B402E83D53F9}"
EndProject
Global
	GlobalSection(SolutionConfigurationPlatforms) = preSolution
		Debug|Any CPU = Debug|Any CPU
		Release|Any CPU = Release|Any CPU
	EndGlobalSection
	GlobalSection(ProjectConfigurationPlatforms) = postSolution
		{123391BE-BE76-4528-8215-B402E83D53F9}.Debug|Any CPU.ActiveCfg = Debug|Any CPU
		{123391BE-BE76-4528-8215-B402E83D53F9}.Debug|Any CPU.Build.0 = Debug|Any CPU
		{123391BE-BE76-4528-8215-B402E83D53F9}.Release|Any CPU.ActiveCfg = Release|Any CPU
		{123391BE-BE76-4528-8215-B402E83D53F9}.Release|Any CPU.Build.0 = Release|Any CPU
	EndGlobalSection
	GlobalSection(SolutionProperties) = preSolution
		HideSolutionNode = FALSE
	EndGlobalSection
	GlobalSection(ExtensibilityGlobals) = postSolution
		SolutionGuid = {5414AA86-B09B-425B-BFE0-7B06F89AF85F}
	EndGlobalSection
EndGlobal
