
Microsoft Visual Studio Solution File, Format Version 12.00
# Visual Studio Version 17
VisualStudioVersion = 17.7.34018.315
MinimumVisualStudioVersion = 10.0.40219.1
Project("{FAE04EC0-301F-11D3-BF4B-00C04F79EFBC}") = "Zadatak 10", "Zadatak 10\Zadatak 10.csproj", "{EF4DBC5A-7A90-42FA-95BD-5E5E5E025032}"
EndProject
Global
	GlobalSection(SolutionConfigurationPlatforms) = preSolution
		Debug|Any CPU = Debug|Any CPU
		Release|Any CPU = Release|Any CPU
	EndGlobalSection
	GlobalSection(ProjectConfigurationPlatforms) = postSolution
		{EF4DBC5A-7A90-42FA-95BD-5E5E5E025032}.Debug|Any CPU.ActiveCfg = Debug|Any CPU
		{EF4DBC5A-7A90-42FA-95BD-5E5E5E025032}.Debug|Any CPU.Build.0 = Debug|Any CPU
		{EF4DBC5A-7A90-42FA-95BD-5E5E5E025032}.Release|Any CPU.ActiveCfg = Release|Any CPU
		{EF4DBC5A-7A90-42FA-95BD-5E5E5E025032}.Release|Any CPU.Build.0 = Release|Any CPU
	EndGlobalSection
	GlobalSection(SolutionProperties) = preSolution
		HideSolutionNode = FALSE
	EndGlobalSection
	GlobalSection(ExtensibilityGlobals) = postSolution
		SolutionGuid = {75EB3604-15D9-438E-9B61-A4FD1CBC8964}
	EndGlobalSection
EndGlobal
